
Microsoft Visual Studio Solution File, Format Version 12.00
# Visual Studio Version 16
VisualStudioVersion = 16.0.32602.291
MinimumVisualStudioVersion = 10.0.40219.1
Project("{FAE04EC0-301F-11D3-BF4B-00C04F79EFBC}") = "ProjetoAPI", "ProjetoAPI\ProjetoAPI.csproj", "{6EC081D7-269B-40C3-99F4-6401CB4DE725}"
EndProject
Project("{FAE04EC0-301F-11D3-BF4B-00C04F79EFBC}") = "Automovel.DAO", "..\..\..\..\..\githubEverton\Treinamento-DTI-Core\Fabrica_Automoveis\FabricaAutomoveis\Automovel.DAO\Automovel.DAO.csproj", "{95C34C9A-7F84-4AB7-8330-1C827EF45374}"
EndProject
Project("{FAE04EC0-301F-11D3-BF4B-00C04F79EFBC}") = "Automovel.Domain", "..\..\..\..\..\githubEverton\Treinamento-DTI-Core\Fabrica_Automoveis\FabricaAutomoveis\Automovel.Domain\Automovel.Domain.csproj", "{8623127A-1204-4419-BD04-DA1C6F4EB7AF}"
EndProject
Global
	GlobalSection(SolutionConfigurationPlatforms) = preSolution
		Debug|Any CPU = Debug|Any CPU
		Debug|x86 = Debug|x86
		Release|Any CPU = Release|Any CPU
		Release|x86 = Release|x86
	EndGlobalSection
	GlobalSection(ProjectConfigurationPlatforms) = postSolution
		{6EC081D7-269B-40C3-99F4-6401CB4DE725}.Debug|Any CPU.ActiveCfg = Debug|Any CPU
		{6EC081D7-269B-40C3-99F4-6401CB4DE725}.Debug|Any CPU.Build.0 = Debug|Any CPU
		{6EC081D7-269B-40C3-99F4-6401CB4DE725}.Debug|x86.ActiveCfg = Debug|Any CPU
		{6EC081D7-269B-40C3-99F4-6401CB4DE725}.Debug|x86.Build.0 = Debug|Any CPU
		{6EC081D7-269B-40C3-99F4-6401CB4DE725}.Release|Any CPU.ActiveCfg = Release|Any CPU
		{6EC081D7-269B-40C3-99F4-6401CB4DE725}.Release|Any CPU.Build.0 = Release|Any CPU
		{6EC081D7-269B-40C3-99F4-6401CB4DE725}.Release|x86.ActiveCfg = Release|Any CPU
		{6EC081D7-269B-40C3-99F4-6401CB4DE725}.Release|x86.Build.0 = Release|Any CPU
		{95C34C9A-7F84-4AB7-8330-1C827EF45374}.Debug|Any CPU.ActiveCfg = Debug|Any CPU
		{95C34C9A-7F84-4AB7-8330-1C827EF45374}.Debug|Any CPU.Build.0 = Debug|Any CPU
		{95C34C9A-7F84-4AB7-8330-1C827EF45374}.Debug|x86.ActiveCfg = Debug|Any CPU
		{95C34C9A-7F84-4AB7-8330-1C827EF45374}.Debug|x86.Build.0 = Debug|Any CPU
		{95C34C9A-7F84-4AB7-8330-1C827EF45374}.Release|Any CPU.ActiveCfg = Release|Any CPU
		{95C34C9A-7F84-4AB7-8330-1C827EF45374}.Release|Any CPU.Build.0 = Release|Any CPU
		{95C34C9A-7F84-4AB7-8330-1C827EF45374}.Release|x86.ActiveCfg = Release|Any CPU
		{95C34C9A-7F84-4AB7-8330-1C827EF45374}.Release|x86.Build.0 = Release|Any CPU
		{8623127A-1204-4419-BD04-DA1C6F4EB7AF}.Debug|Any CPU.ActiveCfg = Debug|Any CPU
		{8623127A-1204-4419-BD04-DA1C6F4EB7AF}.Debug|Any CPU.Build.0 = Debug|Any CPU
		{8623127A-1204-4419-BD04-DA1C6F4EB7AF}.Debug|x86.ActiveCfg = Debug|Any CPU
		{8623127A-1204-4419-BD04-DA1C6F4EB7AF}.Debug|x86.Build.0 = Debug|Any CPU
		{8623127A-1204-4419-BD04-DA1C6F4EB7AF}.Release|Any CPU.ActiveCfg = Release|Any CPU
		{8623127A-1204-4419-BD04-DA1C6F4EB7AF}.Release|Any CPU.Build.0 = Release|Any CPU
		{8623127A-1204-4419-BD04-DA1C6F4EB7AF}.Release|x86.ActiveCfg = Release|Any CPU
		{8623127A-1204-4419-BD04-DA1C6F4EB7AF}.Release|x86.Build.0 = Release|Any CPU
	EndGlobalSection
	GlobalSection(SolutionProperties) = preSolution
		HideSolutionNode = FALSE
	EndGlobalSection
	GlobalSection(ExtensibilityGlobals) = postSolution
		SolutionGuid = {ADA2A4F1-ADD1-4D88-B8FF-1B00C940AAA5}
	EndGlobalSection
EndGlobal
